
Microsoft Visual Studio Solution File, Format Version 12.00
# Visual Studio Version 17
VisualStudioVersion = 17.1.32319.34
MinimumVisualStudioVersion = 10.0.40219.1
Project("{9A19103F-16F7-4668-BE54-9A1E7A4F7556}") = "Katty.Tools.UT", "Katty.Tools.UT.csproj", "{A5E1627B-A1DE-4DF6-BA99-44C04B6FF20C}"
EndProject
Project("{9A19103F-16F7-4668-BE54-9A1E7A4F7556}") = "Katty.Tools", "..\..\DEV\KATTY\Katty.Tools\Katty.Tools.csproj", "{EAF6C815-CE57-4343-84C6-587E60BD8C0D}"
EndProject
Global
	GlobalSection(SolutionConfigurationPlatforms) = preSolution
		Debug|Any CPU = Debug|Any CPU
		Release|Any CPU = Release|Any CPU
	EndGlobalSection
	GlobalSection(ProjectConfigurationPlatforms) = postSolution
		{A5E1627B-A1DE-4DF6-BA99-44C04B6FF20C}.Debug|Any CPU.ActiveCfg = Debug|Any CPU
		{A5E1627B-A1DE-4DF6-BA99-44C04B6FF20C}.Debug|Any CPU.Build.0 = Debug|Any CPU
		{A5E1627B-A1DE-4DF6-BA99-44C04B6FF20C}.Release|Any CPU.ActiveCfg = Release|Any CPU
		{A5E1627B-A1DE-4DF6-BA99-44C04B6FF20C}.Release|Any CPU.Build.0 = Release|Any CPU
		{EAF6C815-CE57-4343-84C6-587E60BD8C0D}.Debug|Any CPU.ActiveCfg = Debug|Any CPU
		{EAF6C815-CE57-4343-84C6-587E60BD8C0D}.Debug|Any CPU.Build.0 = Debug|Any CPU
		{EAF6C815-CE57-4343-84C6-587E60BD8C0D}.Release|Any CPU.ActiveCfg = Release|Any CPU
		{EAF6C815-CE57-4343-84C6-587E60BD8C0D}.Release|Any CPU.Build.0 = Release|Any CPU
	EndGlobalSection
	GlobalSection(SolutionProperties) = preSolution
		HideSolutionNode = FALSE
	EndGlobalSection
	GlobalSection(ExtensibilityGlobals) = postSolution
		SolutionGuid = {B41BD22E-DF9A-4A15-9AFA-8C04E0D8C6D5}
	EndGlobalSection
EndGlobal
